
Microsoft Visual Studio Solution File, Format Version 12.00
# Visual Studio Version 17
VisualStudioVersion = 17.12.35527.113 d17.12
MinimumVisualStudioVersion = 10.0.40219.1
Project("{FAE04EC0-301F-11D3-BF4B-00C04F79EFBC}") = "App.Repositories", "Repositories\App.Repositories.csproj", "{1F2FC012-08B8-4556-84E5-0116D5FA583E}"
EndProject
Project("{FAE04EC0-301F-11D3-BF4B-00C04F79EFBC}") = "App.Services", "Services\App.Services.csproj", "{ADD3C9A7-40C2-44A1-92AA-B74927C37E23}"
EndProject
Project("{FAE04EC0-301F-11D3-BF4B-00C04F79EFBC}") = "App.API", "App.API\App.API.csproj", "{EB4D3BA5-4AE7-4780-8CE5-ED292BC63CF8}"
EndProject
Global
	GlobalSection(SolutionConfigurationPlatforms) = preSolution
		Debug|Any CPU = Debug|Any CPU
		Release|Any CPU = Release|Any CPU
	EndGlobalSection
	GlobalSection(ProjectConfigurationPlatforms) = postSolution
		{1F2FC012-08B8-4556-84E5-0116D5FA583E}.Debug|Any CPU.ActiveCfg = Debug|Any CPU
		{1F2FC012-08B8-4556-84E5-0116D5FA583E}.Debug|Any CPU.Build.0 = Debug|Any CPU
		{1F2FC012-08B8-4556-84E5-0116D5FA583E}.Release|Any CPU.ActiveCfg = Release|Any CPU
		{1F2FC012-08B8-4556-84E5-0116D5FA583E}.Release|Any CPU.Build.0 = Release|Any CPU
		{ADD3C9A7-40C2-44A1-92AA-B74927C37E23}.Debug|Any CPU.ActiveCfg = Debug|Any CPU
		{ADD3C9A7-40C2-44A1-92AA-B74927C37E23}.Debug|Any CPU.Build.0 = Debug|Any CPU
		{ADD3C9A7-40C2-44A1-92AA-B74927C37E23}.Release|Any CPU.ActiveCfg = Release|Any CPU
		{ADD3C9A7-40C2-44A1-92AA-B74927C37E23}.Release|Any CPU.Build.0 = Release|Any CPU
		{EB4D3BA5-4AE7-4780-8CE5-ED292BC63CF8}.Debug|Any CPU.ActiveCfg = Debug|Any CPU
		{EB4D3BA5-4AE7-4780-8CE5-ED292BC63CF8}.Debug|Any CPU.Build.0 = Debug|Any CPU
		{EB4D3BA5-4AE7-4780-8CE5-ED292BC63CF8}.Release|Any CPU.ActiveCfg = Release|Any CPU
		{EB4D3BA5-4AE7-4780-8CE5-ED292BC63CF8}.Release|Any CPU.Build.0 = Release|Any CPU
	EndGlobalSection
	GlobalSection(SolutionProperties) = preSolution
		HideSolutionNode = FALSE
	EndGlobalSection
EndGlobal
