
Microsoft Visual Studio Solution File, Format Version 12.00
# Visual Studio Version 17
VisualStudioVersion = 17.12.35527.113
MinimumVisualStudioVersion = 10.0.40219.1
Project("{FAE04EC0-301F-11D3-BF4B-00C04F79EFBC}") = "App.Repositories", "Repositories\App.Repositories.csproj", "{1F2FC012-08B8-4556-84E5-0116D5FA583E}"
EndProject
Project("{FAE04EC0-301F-11D3-BF4B-00C04F79EFBC}") = "App.Services", "Services\App.Services.csproj", "{ADD3C9A7-40C2-44A1-92AA-B74927C37E23}"
EndProject
Project("{FAE04EC0-301F-11D3-BF4B-00C04F79EFBC}") = "App.API", "App.API\App.API.csproj", "{EB4D3BA5-4AE7-4780-8CE5-ED292BC63CF8}"
EndProject
Project("{2150E333-8FDC-42A3-9474-1A3956D46DE8}") = "NLayer", "NLayer", "{02EA681E-C7D8-13C7-8484-4AC65E1B71E8}"
EndProject
Project("{2150E333-8FDC-42A3-9474-1A3956D46DE8}") = "Clean", "Clean", "{450BAB19-DAF7-4371-B24A-C278C59EC3A2}"
EndProject
Project("{2150E333-8FDC-42A3-9474-1A3956D46DE8}") = "src", "src", "{D165CAA5-6E62-4C2C-BDD7-A3728B075A0E}"
EndProject
Project("{2150E333-8FDC-42A3-9474-1A3956D46DE8}") = "test", "test", "{9250CDD2-2420-46AE-9838-54B7F9864F45}"
EndProject
Project("{2150E333-8FDC-42A3-9474-1A3956D46DE8}") = "Core", "Core", "{FD71648E-54D7-47AB-8C7C-AF09330461AF}"
EndProject
Project("{FAE04EC0-301F-11D3-BF4B-00C04F79EFBC}") = "App.Domain", "App.Domain\App.Domain.csproj", "{9C31920B-DB62-4AA6-A1CA-3D5208418FF6}"
EndProject
Project("{FAE04EC0-301F-11D3-BF4B-00C04F79EFBC}") = "App.Application", "App.Application\App.Application.csproj", "{AB605C9A-A1FC-4395-B666-553BCCEC6E72}"
EndProject
Project("{2150E333-8FDC-42A3-9474-1A3956D46DE8}") = "Infrastructure", "Infrastructure", "{80106A41-24BA-4224-954B-C681004DAF91}"
EndProject
Project("{FAE04EC0-301F-11D3-BF4B-00C04F79EFBC}") = "App.Persistence", "App.Persistence\App.Persistence.csproj", "{94EB156E-44E2-4D42-B6BE-D88EC283CC29}"
EndProject
Project("{2150E333-8FDC-42A3-9474-1A3956D46DE8}") = "API", "API", "{0CD1A47E-028C-4BB2-9952-47079F510DFB}"
EndProject
Project("{FAE04EC0-301F-11D3-BF4B-00C04F79EFBC}") = "CleanApp.API", "CleanApp.API\CleanApp.API.csproj", "{FD4E8428-1F00-495C-A23E-33C85E127E03}"
EndProject
Project("{FAE04EC0-301F-11D3-BF4B-00C04F79EFBC}") = "App.Caching", "App.Caching\App.Caching.csproj", "{79A5E60A-9587-4A70-9593-74B8C11BA4EE}"
EndProject
Project("{FAE04EC0-301F-11D3-BF4B-00C04F79EFBC}") = "App.Bus", "App.Bus\App.Bus.csproj", "{D43EDB7F-2220-49B4-930D-F9E06E190E02}"
EndProject
Global
	GlobalSection(SolutionConfigurationPlatforms) = preSolution
		Debug|Any CPU = Debug|Any CPU
		Release|Any CPU = Release|Any CPU
	EndGlobalSection
	GlobalSection(ProjectConfigurationPlatforms) = postSolution
		{1F2FC012-08B8-4556-84E5-0116D5FA583E}.Debug|Any CPU.ActiveCfg = Debug|Any CPU
		{1F2FC012-08B8-4556-84E5-0116D5FA583E}.Debug|Any CPU.Build.0 = Debug|Any CPU
		{1F2FC012-08B8-4556-84E5-0116D5FA583E}.Release|Any CPU.ActiveCfg = Release|Any CPU
		{1F2FC012-08B8-4556-84E5-0116D5FA583E}.Release|Any CPU.Build.0 = Release|Any CPU
		{ADD3C9A7-40C2-44A1-92AA-B74927C37E23}.Debug|Any CPU.ActiveCfg = Debug|Any CPU
		{ADD3C9A7-40C2-44A1-92AA-B74927C37E23}.Debug|Any CPU.Build.0 = Debug|Any CPU
		{ADD3C9A7-40C2-44A1-92AA-B74927C37E23}.Release|Any CPU.ActiveCfg = Release|Any CPU
		{ADD3C9A7-40C2-44A1-92AA-B74927C37E23}.Release|Any CPU.Build.0 = Release|Any CPU
		{EB4D3BA5-4AE7-4780-8CE5-ED292BC63CF8}.Debug|Any CPU.ActiveCfg = Debug|Any CPU
		{EB4D3BA5-4AE7-4780-8CE5-ED292BC63CF8}.Debug|Any CPU.Build.0 = Debug|Any CPU
		{EB4D3BA5-4AE7-4780-8CE5-ED292BC63CF8}.Release|Any CPU.ActiveCfg = Release|Any CPU
		{EB4D3BA5-4AE7-4780-8CE5-ED292BC63CF8}.Release|Any CPU.Build.0 = Release|Any CPU
		{9C31920B-DB62-4AA6-A1CA-3D5208418FF6}.Debug|Any CPU.ActiveCfg = Debug|Any CPU
		{9C31920B-DB62-4AA6-A1CA-3D5208418FF6}.Debug|Any CPU.Build.0 = Debug|Any CPU
		{9C31920B-DB62-4AA6-A1CA-3D5208418FF6}.Release|Any CPU.ActiveCfg = Release|Any CPU
		{9C31920B-DB62-4AA6-A1CA-3D5208418FF6}.Release|Any CPU.Build.0 = Release|Any CPU
		{AB605C9A-A1FC-4395-B666-553BCCEC6E72}.Debug|Any CPU.ActiveCfg = Debug|Any CPU
		{AB605C9A-A1FC-4395-B666-553BCCEC6E72}.Debug|Any CPU.Build.0 = Debug|Any CPU
		{AB605C9A-A1FC-4395-B666-553BCCEC6E72}.Release|Any CPU.ActiveCfg = Release|Any CPU
		{AB605C9A-A1FC-4395-B666-553BCCEC6E72}.Release|Any CPU.Build.0 = Release|Any CPU
		{94EB156E-44E2-4D42-B6BE-D88EC283CC29}.Debug|Any CPU.ActiveCfg = Debug|Any CPU
		{94EB156E-44E2-4D42-B6BE-D88EC283CC29}.Debug|Any CPU.Build.0 = Debug|Any CPU
		{94EB156E-44E2-4D42-B6BE-D88EC283CC29}.Release|Any CPU.ActiveCfg = Release|Any CPU
		{94EB156E-44E2-4D42-B6BE-D88EC283CC29}.Release|Any CPU.Build.0 = Release|Any CPU
		{FD4E8428-1F00-495C-A23E-33C85E127E03}.Debug|Any CPU.ActiveCfg = Debug|Any CPU
		{FD4E8428-1F00-495C-A23E-33C85E127E03}.Debug|Any CPU.Build.0 = Debug|Any CPU
		{FD4E8428-1F00-495C-A23E-33C85E127E03}.Release|Any CPU.ActiveCfg = Release|Any CPU
		{FD4E8428-1F00-495C-A23E-33C85E127E03}.Release|Any CPU.Build.0 = Release|Any CPU
		{79A5E60A-9587-4A70-9593-74B8C11BA4EE}.Debug|Any CPU.ActiveCfg = Debug|Any CPU
		{79A5E60A-9587-4A70-9593-74B8C11BA4EE}.Debug|Any CPU.Build.0 = Debug|Any CPU
		{79A5E60A-9587-4A70-9593-74B8C11BA4EE}.Release|Any CPU.ActiveCfg = Release|Any CPU
		{79A5E60A-9587-4A70-9593-74B8C11BA4EE}.Release|Any CPU.Build.0 = Release|Any CPU
		{D43EDB7F-2220-49B4-930D-F9E06E190E02}.Debug|Any CPU.ActiveCfg = Debug|Any CPU
		{D43EDB7F-2220-49B4-930D-F9E06E190E02}.Debug|Any CPU.Build.0 = Debug|Any CPU
		{D43EDB7F-2220-49B4-930D-F9E06E190E02}.Release|Any CPU.ActiveCfg = Release|Any CPU
		{D43EDB7F-2220-49B4-930D-F9E06E190E02}.Release|Any CPU.Build.0 = Release|Any CPU
	EndGlobalSection
	GlobalSection(SolutionProperties) = preSolution
		HideSolutionNode = FALSE
	EndGlobalSection
	GlobalSection(NestedProjects) = preSolution
		{1F2FC012-08B8-4556-84E5-0116D5FA583E} = {02EA681E-C7D8-13C7-8484-4AC65E1B71E8}
		{ADD3C9A7-40C2-44A1-92AA-B74927C37E23} = {02EA681E-C7D8-13C7-8484-4AC65E1B71E8}
		{EB4D3BA5-4AE7-4780-8CE5-ED292BC63CF8} = {02EA681E-C7D8-13C7-8484-4AC65E1B71E8}
		{D165CAA5-6E62-4C2C-BDD7-A3728B075A0E} = {450BAB19-DAF7-4371-B24A-C278C59EC3A2}
		{9250CDD2-2420-46AE-9838-54B7F9864F45} = {450BAB19-DAF7-4371-B24A-C278C59EC3A2}
		{FD71648E-54D7-47AB-8C7C-AF09330461AF} = {D165CAA5-6E62-4C2C-BDD7-A3728B075A0E}
		{9C31920B-DB62-4AA6-A1CA-3D5208418FF6} = {FD71648E-54D7-47AB-8C7C-AF09330461AF}
		{AB605C9A-A1FC-4395-B666-553BCCEC6E72} = {FD71648E-54D7-47AB-8C7C-AF09330461AF}
		{80106A41-24BA-4224-954B-C681004DAF91} = {D165CAA5-6E62-4C2C-BDD7-A3728B075A0E}
		{94EB156E-44E2-4D42-B6BE-D88EC283CC29} = {80106A41-24BA-4224-954B-C681004DAF91}
		{0CD1A47E-028C-4BB2-9952-47079F510DFB} = {D165CAA5-6E62-4C2C-BDD7-A3728B075A0E}
		{FD4E8428-1F00-495C-A23E-33C85E127E03} = {0CD1A47E-028C-4BB2-9952-47079F510DFB}
		{79A5E60A-9587-4A70-9593-74B8C11BA4EE} = {80106A41-24BA-4224-954B-C681004DAF91}
		{D43EDB7F-2220-49B4-930D-F9E06E190E02} = {80106A41-24BA-4224-954B-C681004DAF91}
	EndGlobalSection
	GlobalSection(ExtensibilityGlobals) = postSolution
		SolutionGuid = {1D47A184-C730-4493-A1A4-2A883FE33196}
	EndGlobalSection
EndGlobal
